
Microsoft Visual Studio Solution File, Format Version 12.00
# Visual Studio Version 17
VisualStudioVersion = 17.7.34221.43
MinimumVisualStudioVersion = 10.0.40219.1
Project("{FAE04EC0-301F-11D3-BF4B-00C04F79EFBC}") = "WebApplication1", "WebApplication1\WebApplication1.csproj", "{B99A671B-D642-4FAE-8AC9-69A1996F5AB4}"
EndProject
Global
	GlobalSection(SolutionConfigurationPlatforms) = preSolution
		Debug|Any CPU = Debug|Any CPU
		Release|Any CPU = Release|Any CPU
	EndGlobalSection
	GlobalSection(ProjectConfigurationPlatforms) = postSolution
		{B99A671B-D642-4FAE-8AC9-69A1996F5AB4}.Debug|Any CPU.ActiveCfg = Debug|Any CPU
		{B99A671B-D642-4FAE-8AC9-69A1996F5AB4}.Debug|Any CPU.Build.0 = Debug|Any CPU
		{B99A671B-D642-4FAE-8AC9-69A1996F5AB4}.Release|Any CPU.ActiveCfg = Release|Any CPU
		{B99A671B-D642-4FAE-8AC9-69A1996F5AB4}.Release|Any CPU.Build.0 = Release|Any CPU
	EndGlobalSection
	GlobalSection(SolutionProperties) = preSolution
		HideSolutionNode = FALSE
	EndGlobalSection
	GlobalSection(ExtensibilityGlobals) = postSolution
		SolutionGuid = {6659CEF3-DB0E-4129-99EA-E533C7949289}
	EndGlobalSection
EndGlobal
